
Microsoft Visual Studio Solution File, Format Version 12.00
# Visual Studio Version 16
VisualStudioVersion = 16.0.29709.97
MinimumVisualStudioVersion = 10.0.40219.1
Project("{FAE04EC0-301F-11D3-BF4B-00C04F79EFBC}") = "Gleeworld Pharmacy App.Android", "Gleeworld Pharmacy App\Gleeworld Pharmacy App.Android\Gleeworld Pharmacy App.Android.csproj", "{9732D3B0-BFDF-43D7-A517-4BE5014EED40}"
EndProject
Project("{FAE04EC0-301F-11D3-BF4B-00C04F79EFBC}") = "Gleeworld Pharmacy App.iOS", "Gleeworld Pharmacy App\Gleeworld Pharmacy App.iOS\Gleeworld Pharmacy App.iOS.csproj", "{404C58E0-66C5-49D9-9EC9-F7388362071E}"
EndProject
Project("{FAE04EC0-301F-11D3-BF4B-00C04F79EFBC}") = "Gleeworld Pharmacy App", "Gleeworld Pharmacy App\Gleeworld Pharmacy App\Gleeworld Pharmacy App.csproj", "{3C82F07D-84AB-4CB6-B824-1EAE2A46C074}"
EndProject
Global
	GlobalSection(SolutionConfigurationPlatforms) = preSolution
		Debug|Any CPU = Debug|Any CPU
		Debug|iPhone = Debug|iPhone
		Debug|iPhoneSimulator = Debug|iPhoneSimulator
		Release|Any CPU = Release|Any CPU
		Release|iPhone = Release|iPhone
		Release|iPhoneSimulator = Release|iPhoneSimulator
	EndGlobalSection
	GlobalSection(ProjectConfigurationPlatforms) = postSolution
		{9732D3B0-BFDF-43D7-A517-4BE5014EED40}.Debug|Any CPU.ActiveCfg = Debug|Any CPU
		{9732D3B0-BFDF-43D7-A517-4BE5014EED40}.Debug|Any CPU.Build.0 = Debug|Any CPU
		{9732D3B0-BFDF-43D7-A517-4BE5014EED40}.Debug|Any CPU.Deploy.0 = Debug|Any CPU
		{9732D3B0-BFDF-43D7-A517-4BE5014EED40}.Debug|iPhone.ActiveCfg = Debug|Any CPU
		{9732D3B0-BFDF-43D7-A517-4BE5014EED40}.Debug|iPhone.Build.0 = Debug|Any CPU
		{9732D3B0-BFDF-43D7-A517-4BE5014EED40}.Debug|iPhone.Deploy.0 = Debug|Any CPU
		{9732D3B0-BFDF-43D7-A517-4BE5014EED40}.Debug|iPhoneSimulator.ActiveCfg = Debug|Any CPU
		{9732D3B0-BFDF-43D7-A517-4BE5014EED40}.Debug|iPhoneSimulator.Build.0 = Debug|Any CPU
		{9732D3B0-BFDF-43D7-A517-4BE5014EED40}.Debug|iPhoneSimulator.Deploy.0 = Debug|Any CPU
		{9732D3B0-BFDF-43D7-A517-4BE5014EED40}.Release|Any CPU.ActiveCfg = Release|Any CPU
		{9732D3B0-BFDF-43D7-A517-4BE5014EED40}.Release|Any CPU.Build.0 = Release|Any CPU
		{9732D3B0-BFDF-43D7-A517-4BE5014EED40}.Release|Any CPU.Deploy.0 = Release|Any CPU
		{9732D3B0-BFDF-43D7-A517-4BE5014EED40}.Release|iPhone.ActiveCfg = Release|Any CPU
		{9732D3B0-BFDF-43D7-A517-4BE5014EED40}.Release|iPhone.Build.0 = Release|Any CPU
		{9732D3B0-BFDF-43D7-A517-4BE5014EED40}.Release|iPhone.Deploy.0 = Release|Any CPU
		{9732D3B0-BFDF-43D7-A517-4BE5014EED40}.Release|iPhoneSimulator.ActiveCfg = Release|Any CPU
		{9732D3B0-BFDF-43D7-A517-4BE5014EED40}.Release|iPhoneSimulator.Build.0 = Release|Any CPU
		{9732D3B0-BFDF-43D7-A517-4BE5014EED40}.Release|iPhoneSimulator.Deploy.0 = Release|Any CPU
		{404C58E0-66C5-49D9-9EC9-F7388362071E}.Debug|Any CPU.ActiveCfg = Debug|iPhoneSimulator
		{404C58E0-66C5-49D9-9EC9-F7388362071E}.Debug|Any CPU.Build.0 = Debug|iPhoneSimulator
		{404C58E0-66C5-49D9-9EC9-F7388362071E}.Debug|Any CPU.Deploy.0 = Debug|iPhoneSimulator
		{404C58E0-66C5-49D9-9EC9-F7388362071E}.Debug|iPhone.ActiveCfg = Debug|iPhone
		{404C58E0-66C5-49D9-9EC9-F7388362071E}.Debug|iPhone.Build.0 = Debug|iPhone
		{404C58E0-66C5-49D9-9EC9-F7388362071E}.Debug|iPhone.Deploy.0 = Debug|iPhone
		{404C58E0-66C5-49D9-9EC9-F7388362071E}.Debug|iPhoneSimulator.ActiveCfg = Debug|iPhoneSimulator
		{404C58E0-66C5-49D9-9EC9-F7388362071E}.Debug|iPhoneSimulator.Build.0 = Debug|iPhoneSimulator
		{404C58E0-66C5-49D9-9EC9-F7388362071E}.Debug|iPhoneSimulator.Deploy.0 = Debug|iPhoneSimulator
		{404C58E0-66C5-49D9-9EC9-F7388362071E}.Release|Any CPU.ActiveCfg = Release|iPhone
		{404C58E0-66C5-49D9-9EC9-F7388362071E}.Release|Any CPU.Build.0 = Release|iPhone
		{404C58E0-66C5-49D9-9EC9-F7388362071E}.Release|Any CPU.Deploy.0 = Release|iPhone
		{404C58E0-66C5-49D9-9EC9-F7388362071E}.Release|iPhone.ActiveCfg = Release|iPhone
		{404C58E0-66C5-49D9-9EC9-F7388362071E}.Release|iPhone.Build.0 = Release|iPhone
		{404C58E0-66C5-49D9-9EC9-F7388362071E}.Release|iPhone.Deploy.0 = Release|iPhone
		{404C58E0-66C5-49D9-9EC9-F7388362071E}.Release|iPhoneSimulator.ActiveCfg = Release|iPhoneSimulator
		{404C58E0-66C5-49D9-9EC9-F7388362071E}.Release|iPhoneSimulator.Build.0 = Release|iPhoneSimulator
		{404C58E0-66C5-49D9-9EC9-F7388362071E}.Release|iPhoneSimulator.Deploy.0 = Release|iPhoneSimulator
		{3C82F07D-84AB-4CB6-B824-1EAE2A46C074}.Debug|Any CPU.ActiveCfg = Debug|Any CPU
		{3C82F07D-84AB-4CB6-B824-1EAE2A46C074}.Debug|Any CPU.Build.0 = Debug|Any CPU
		{3C82F07D-84AB-4CB6-B824-1EAE2A46C074}.Debug|Any CPU.Deploy.0 = Debug|Any CPU
		{3C82F07D-84AB-4CB6-B824-1EAE2A46C074}.Debug|iPhone.ActiveCfg = Debug|Any CPU
		{3C82F07D-84AB-4CB6-B824-1EAE2A46C074}.Debug|iPhone.Build.0 = Debug|Any CPU
		{3C82F07D-84AB-4CB6-B824-1EAE2A46C074}.Debug|iPhone.Deploy.0 = Debug|Any CPU
		{3C82F07D-84AB-4CB6-B824-1EAE2A46C074}.Debug|iPhoneSimulator.ActiveCfg = Debug|Any CPU
		{3C82F07D-84AB-4CB6-B824-1EAE2A46C074}.Debug|iPhoneSimulator.Build.0 = Debug|Any CPU
		{3C82F07D-84AB-4CB6-B824-1EAE2A46C074}.Debug|iPhoneSimulator.Deploy.0 = Debug|Any CPU
		{3C82F07D-84AB-4CB6-B824-1EAE2A46C074}.Release|Any CPU.ActiveCfg = Release|Any CPU
		{3C82F07D-84AB-4CB6-B824-1EAE2A46C074}.Release|Any CPU.Build.0 = Release|Any CPU
		{3C82F07D-84AB-4CB6-B824-1EAE2A46C074}.Release|Any CPU.Deploy.0 = Release|Any CPU
		{3C82F07D-84AB-4CB6-B824-1EAE2A46C074}.Release|iPhone.ActiveCfg = Release|Any CPU
		{3C82F07D-84AB-4CB6-B824-1EAE2A46C074}.Release|iPhone.Build.0 = Release|Any CPU
		{3C82F07D-84AB-4CB6-B824-1EAE2A46C074}.Release|iPhone.Deploy.0 = Release|Any CPU
		{3C82F07D-84AB-4CB6-B824-1EAE2A46C074}.Release|iPhoneSimulator.ActiveCfg = Release|Any CPU
		{3C82F07D-84AB-4CB6-B824-1EAE2A46C074}.Release|iPhoneSimulator.Build.0 = Release|Any CPU
		{3C82F07D-84AB-4CB6-B824-1EAE2A46C074}.Release|iPhoneSimulator.Deploy.0 = Release|Any CPU
	EndGlobalSection
	GlobalSection(SolutionProperties) = preSolution
		HideSolutionNode = FALSE
	EndGlobalSection
	GlobalSection(ExtensibilityGlobals) = postSolution
		SolutionGuid = {BABB6A81-BB44-4852-BACD-2F75C4070048}
	EndGlobalSection
EndGlobal
